
Microsoft Visual Studio Solution File, Format Version 12.00
# Visual Studio 15
VisualStudioVersion = 15.0.28010.2026
MinimumVisualStudioVersion = 10.0.40219.1
Project("{FAE04EC0-301F-11D3-BF4B-00C04F79EFBC}") = "TimerExample", "TimerExample\TimerExample.csproj", "{C643FD4D-98BB-46FC-9DD8-A4ED30CC760A}"
EndProject
Global
	GlobalSection(SolutionConfigurationPlatforms) = preSolution
		Debug|Any CPU = Debug|Any CPU
		Release|Any CPU = Release|Any CPU
	EndGlobalSection
	GlobalSection(ProjectConfigurationPlatforms) = postSolution
		{C643FD4D-98BB-46FC-9DD8-A4ED30CC760A}.Debug|Any CPU.ActiveCfg = Debug|Any CPU
		{C643FD4D-98BB-46FC-9DD8-A4ED30CC760A}.Debug|Any CPU.Build.0 = Debug|Any CPU
		{C643FD4D-98BB-46FC-9DD8-A4ED30CC760A}.Release|Any CPU.ActiveCfg = Release|Any CPU
		{C643FD4D-98BB-46FC-9DD8-A4ED30CC760A}.Release|Any CPU.Build.0 = Release|Any CPU
	EndGlobalSection
	GlobalSection(SolutionProperties) = preSolution
		HideSolutionNode = FALSE
	EndGlobalSection
	GlobalSection(ExtensibilityGlobals) = postSolution
		SolutionGuid = {3D72FFDD-6EC4-4469-9972-056352633A69}
	EndGlobalSection
EndGlobal
